
Microsoft Visual Studio Solution File, Format Version 12.00
# Visual Studio Version 16
VisualStudioVersion = 16.0.31911.196
MinimumVisualStudioVersion = 10.0.40219.1
Project("{FAE04EC0-301F-11D3-BF4B-00C04F79EFBC}") = "Challenge1_MCQ", "Challenge1_MCQ\Challenge1_MCQ.csproj", "{9910C780-95FB-4DF5-A6F8-8044C0695B2E}"
EndProject
Global
	GlobalSection(SolutionConfigurationPlatforms) = preSolution
		Debug|Any CPU = Debug|Any CPU
		Release|Any CPU = Release|Any CPU
	EndGlobalSection
	GlobalSection(ProjectConfigurationPlatforms) = postSolution
		{9910C780-95FB-4DF5-A6F8-8044C0695B2E}.Debug|Any CPU.ActiveCfg = Debug|Any CPU
		{9910C780-95FB-4DF5-A6F8-8044C0695B2E}.Debug|Any CPU.Build.0 = Debug|Any CPU
		{9910C780-95FB-4DF5-A6F8-8044C0695B2E}.Release|Any CPU.ActiveCfg = Release|Any CPU
		{9910C780-95FB-4DF5-A6F8-8044C0695B2E}.Release|Any CPU.Build.0 = Release|Any CPU
	EndGlobalSection
	GlobalSection(SolutionProperties) = preSolution
		HideSolutionNode = FALSE
	EndGlobalSection
	GlobalSection(ExtensibilityGlobals) = postSolution
		SolutionGuid = {3B8DBEF1-BA3D-4B34-AB62-1CB8E3755351}
	EndGlobalSection
EndGlobal
