
Microsoft Visual Studio Solution File, Format Version 12.00
# Visual Studio Version 16
VisualStudioVersion = 16.0.31911.196
MinimumVisualStudioVersion = 10.0.40219.1
Project("{FAE04EC0-301F-11D3-BF4B-00C04F79EFBC}") = "Challenge3_LoopCounting", "Challenge3_LoopCounting\Challenge3_LoopCounting.csproj", "{81071B8F-E7A7-42AF-BDEF-F174F467EF64}"
EndProject
Global
	GlobalSection(SolutionConfigurationPlatforms) = preSolution
		Debug|Any CPU = Debug|Any CPU
		Release|Any CPU = Release|Any CPU
	EndGlobalSection
	GlobalSection(ProjectConfigurationPlatforms) = postSolution
		{81071B8F-E7A7-42AF-BDEF-F174F467EF64}.Debug|Any CPU.ActiveCfg = Debug|Any CPU
		{81071B8F-E7A7-42AF-BDEF-F174F467EF64}.Debug|Any CPU.Build.0 = Debug|Any CPU
		{81071B8F-E7A7-42AF-BDEF-F174F467EF64}.Release|Any CPU.ActiveCfg = Release|Any CPU
		{81071B8F-E7A7-42AF-BDEF-F174F467EF64}.Release|Any CPU.Build.0 = Release|Any CPU
	EndGlobalSection
	GlobalSection(SolutionProperties) = preSolution
		HideSolutionNode = FALSE
	EndGlobalSection
	GlobalSection(ExtensibilityGlobals) = postSolution
		SolutionGuid = {DCFA4BA4-DF88-4A75-A206-902F0A3637C1}
	EndGlobalSection
EndGlobal
